
Microsoft Visual Studio Solution File, Format Version 12.00
# Visual Studio Version 16
VisualStudioVersion = 16.0.33027.164
MinimumVisualStudioVersion = 10.0.40219.1
Project("{FAE04EC0-301F-11D3-BF4B-00C04F79EFBC}") = "10.46", "10.46.csproj", "{0B026E72-4A3C-4EC8-93D5-78849372B7D3}"
EndProject
Global
	GlobalSection(SolutionConfigurationPlatforms) = preSolution
		Debug|Any CPU = Debug|Any CPU
		Release|Any CPU = Release|Any CPU
	EndGlobalSection
	GlobalSection(ProjectConfigurationPlatforms) = postSolution
		{0B026E72-4A3C-4EC8-93D5-78849372B7D3}.Debug|Any CPU.ActiveCfg = Debug|Any CPU
		{0B026E72-4A3C-4EC8-93D5-78849372B7D3}.Debug|Any CPU.Build.0 = Debug|Any CPU
		{0B026E72-4A3C-4EC8-93D5-78849372B7D3}.Release|Any CPU.ActiveCfg = Release|Any CPU
		{0B026E72-4A3C-4EC8-93D5-78849372B7D3}.Release|Any CPU.Build.0 = Release|Any CPU
	EndGlobalSection
	GlobalSection(SolutionProperties) = preSolution
		HideSolutionNode = FALSE
	EndGlobalSection
	GlobalSection(ExtensibilityGlobals) = postSolution
		SolutionGuid = {AF09AD47-7CCA-4205-A010-27CC943FB00E}
	EndGlobalSection
EndGlobal
